
Microsoft Visual Studio Solution File, Format Version 12.00
# Visual Studio Version 17
VisualStudioVersion = 17.11.35431.28
MinimumVisualStudioVersion = 10.0.40219.1
Project("{FAE04EC0-301F-11D3-BF4B-00C04F79EFBC}") = "RDCStockManagerRebirth", "RDCStockManagerRebirth.csproj", "{326C8BD9-422B-4683-B526-6DE91BA04EF2}"
EndProject
Global
	GlobalSection(SolutionConfigurationPlatforms) = preSolution
		Debug|Any CPU = Debug|Any CPU
		Release|Any CPU = Release|Any CPU
	EndGlobalSection
	GlobalSection(ProjectConfigurationPlatforms) = postSolution
		{326C8BD9-422B-4683-B526-6DE91BA04EF2}.Debug|Any CPU.ActiveCfg = Debug|Any CPU
		{326C8BD9-422B-4683-B526-6DE91BA04EF2}.Debug|Any CPU.Build.0 = Debug|Any CPU
		{326C8BD9-422B-4683-B526-6DE91BA04EF2}.Release|Any CPU.ActiveCfg = Release|Any CPU
		{326C8BD9-422B-4683-B526-6DE91BA04EF2}.Release|Any CPU.Build.0 = Release|Any CPU
	EndGlobalSection
	GlobalSection(SolutionProperties) = preSolution
		HideSolutionNode = FALSE
	EndGlobalSection
	GlobalSection(ExtensibilityGlobals) = postSolution
		SolutionGuid = {33AFE4DD-E3A5-4797-AF78-B6864BACBC4F}
	EndGlobalSection
EndGlobal
